
Microsoft Visual Studio Solution File, Format Version 12.00
# Visual Studio 15
VisualStudioVersion = 15.0.27703.2042
MinimumVisualStudioVersion = 10.0.40219.1
Project("{FAE04EC0-301F-11D3-BF4B-00C04F79EFBC}") = "CardsManager", "CardsManager\CardsManager.csproj", "{CA90B606-F47F-426C-8AE9-97852724289C}"
EndProject
Global
	GlobalSection(SolutionConfigurationPlatforms) = preSolution
		Debug|Any CPU = Debug|Any CPU
		Release|Any CPU = Release|Any CPU
	EndGlobalSection
	GlobalSection(ProjectConfigurationPlatforms) = postSolution
		{CA90B606-F47F-426C-8AE9-97852724289C}.Debug|Any CPU.ActiveCfg = Debug|Any CPU
		{CA90B606-F47F-426C-8AE9-97852724289C}.Debug|Any CPU.Build.0 = Debug|Any CPU
		{CA90B606-F47F-426C-8AE9-97852724289C}.Release|Any CPU.ActiveCfg = Release|Any CPU
		{CA90B606-F47F-426C-8AE9-97852724289C}.Release|Any CPU.Build.0 = Release|Any CPU
	EndGlobalSection
	GlobalSection(SolutionProperties) = preSolution
		HideSolutionNode = FALSE
	EndGlobalSection
	GlobalSection(ExtensibilityGlobals) = postSolution
		SolutionGuid = {B3A843C7-829D-40B1-9452-C79E863CA49F}
	EndGlobalSection
EndGlobal
